// !$*UTF8*$!
{
	archiveVersion = 1;
	classes = {
	};
	objectVersion = 50;
	objects = {

/* Begin PBXBuildFile section */
		637052F52466300B00A072D2 /* AppDelegate.swift in Sources */ = {isa = PBXBuildFile; fileRef = 637052F42466300B00A072D2 /* AppDelegate.swift */; };
		637052F72466300B00A072D2 /* SceneDelegate.swift in Sources */ = {isa = PBXBuildFile; fileRef = 637052F62466300B00A072D2 /* SceneDelegate.swift */; };
		637052FA2466300B00A072D2 /* Covid19_Stat.xcdatamodeld in Sources */ = {isa = PBXBuildFile; fileRef = 637052F82466300B00A072D2 /* Covid19_Stat.xcdatamodeld */; };
		637052FC2466300B00A072D2 /* ContentView.swift in Sources */ = {isa = PBXBuildFile; fileRef = 637052FB2466300B00A072D2 /* ContentView.swift */; };
		637052FE2466300E00A072D2 /* Assets.xcassets in Resources */ = {isa = PBXBuildFile; fileRef = 637052FD2466300E00A072D2 /* Assets.xcassets */; };
		637053012466300E00A072D2 /* Preview Assets.xcassets in Resources */ = {isa = PBXBuildFile; fileRef = 637053002466300E00A072D2 /* Preview Assets.xcassets */; };
		637053042466300E00A072D2 /* LaunchScreen.storyboard in Resources */ = {isa = PBXBuildFile; fileRef = 637053022466300E00A072D2 /* LaunchScreen.storyboard */; };
		95D8845E1E214DABD3ACC943 /* Pods_Covid19_Stat.framework in Frameworks */ = {isa = PBXBuildFile; fileRef = 1FF1DC64745BF5D44E0613AD /* Pods_Covid19_Stat.framework */; };
/* End PBXBuildFile section */

/* Begin PBXFileReference section */
		13F1DC307862B94BB346EAA9 /* Pods-Covid19_Stat.debug.xcconfig */ = {isa = PBXFileReference; includeInIndex = 1; lastKnownFileType = text.xcconfig; name = "Pods-Covid19_Stat.debug.xcconfig"; path = "Target Support Files/Pods-Covid19_Stat/Pods-Covid19_Stat.debug.xcconfig"; sourceTree = "<group>"; };
		1FF1DC64745BF5D44E0613AD /* Pods_Covid19_Stat.framework */ = {isa = PBXFileReference; explicitFileType = wrapper.framework; includeInIndex = 0; path = Pods_Covid19_Stat.framework; sourceTree = BUILT_PRODUCTS_DIR; };
		62591631C0626BF11CCDCE10 /* Pods-Covid19_Stat.release.xcconfig */ = {isa = PBXFileReference; includeInIndex = 1; lastKnownFileType = text.xcconfig; name = "Pods-Covid19_Stat.release.xcconfig"; path = "Target Support Files/Pods-Covid19_Stat/Pods-Covid19_Stat.release.xcconfig"; sourceTree = "<group>"; };
		637052F12466300B00A072D2 /* Covid19_Stat.app */ = {isa = PBXFileReference; explicitFileType = wrapper.application; includeInIndex = 0; path = Covid19_Stat.app; sourceTree = BUILT_PRODUCTS_DIR; };
		637052F42466300B00A072D2 /* AppDelegate.swift */ = {isa = PBXFileReference; lastKnownFileType = sourcecode.swift; path = AppDelegate.swift; sourceTree = "<group>"; };
		637052F62466300B00A072D2 /* SceneDelegate.swift */ = {isa = PBXFileReference; lastKnownFileType = sourcecode.swift; path = SceneDelegate.swift; sourceTree = "<group>"; };
		637052F92466300B00A072D2 /* Covid19_Stat.xcdatamodel */ = {isa = PBXFileReference; lastKnownFileType = wrapper.xcdatamodel; path = Covid19_Stat.xcdatamodel; sourceTree = "<group>"; };
		637052FB2466300B00A072D2 /* ContentView.swift */ = {isa = PBXFileReference; lastKnownFileType = sourcecode.swift; path = ContentView.swift; sourceTree = "<group>"; };
		637052FD2466300E00A072D2 /* Assets.xcassets */ = {isa = PBXFileReference; lastKnownFileType = folder.assetcatalog; path = Assets.xcassets; sourceTree = "<group>"; };
		637053002466300E00A072D2 /* Preview Assets.xcassets */ = {isa = PBXFileReference; lastKnownFileType = folder.assetcatalog; path = "Preview Assets.xcassets"; sourceTree = "<group>"; };
		637053032466300E00A072D2 /* Base */ = {isa = PBXFileReference; lastKnownFileType = file.storyboard; name = Base; path = Base.lproj/LaunchScreen.storyboard; sourceTree = "<group>"; };
		637053052466300E00A072D2 /* Info.plist */ = {isa = PBXFileReference; lastKnownFileType = text.plist.xml; path = Info.plist; sourceTree = "<group>"; };
/* End PBXFileReference section */

/* Begin PBXFrameworksBuildPhase section */
		637052EE2466300B00A072D2 /* Frameworks */ = {
			isa = PBXFrameworksBuildPhase;
			buildActionMask = 2147483647;
			files = (
				95D8845E1E214DABD3ACC943 /* Pods_Covid19_Stat.framework in Frameworks */,
			);
			runOnlyForDeploymentPostprocessing = 0;
		};
/* End PBXFrameworksBuildPhase section */

/* Begin PBXGroup section */
		637052E82466300B00A072D2 = {
			isa = PBXGroup;
			children = (
				637052F32466300B00A072D2 /* Covid19_Stat */,
				637052F22466300B00A072D2 /* Products */,
				E4DC61AABEA7F4971CD6F083 /* Pods */,
				C8F0BA3EA73F3CBBC688EFD9 /* Frameworks */,
			);
			sourceTree = "<group>";
		};
		637052F22466300B00A072D2 /* Products */ = {
			isa = PBXGroup;
			children = (
				637052F12466300B00A072D2 /* Covid19_Stat.app */,
			);
			name = Products;
			sourceTree = "<group>";
		};
		637052F32466300B00A072D2 /* Covid19_Stat */ = {
			isa = PBXGroup;
			children = (
				637052F42466300B00A072D2 /* AppDelegate.swift */,
				637052F62466300B00A072D2 /* SceneDelegate.swift */,
				637052FB2466300B00A072D2 /* ContentView.swift */,
				637052FD2466300E00A072D2 /* Assets.xcassets */,
				637053022466300E00A072D2 /* LaunchScreen.storyboard */,
				637053052466300E00A072D2 /* Info.plist */,
				637052F82466300B00A072D2 /* Covid19_Stat.xcdatamodeld */,
				637052FF2466300E00A072D2 /* Preview Content */,
			);
			path = Covid19_Stat;
			sourceTree = "<group>";
		};
		637052FF2466300E00A072D2 /* Preview Content */ = {
			isa = PBXGroup;
			children = (
				637053002466300E00A072D2 /* Preview Assets.xcassets */,
			);
			path = "Preview Content";
			sourceTree = "<group>";
		};
		C8F0BA3EA73F3CBBC688EFD9 /* Frameworks */ = {
			isa = PBXGroup;
			children = (
				1FF1DC64745BF5D44E0613AD /* Pods_Covid19_Stat.framework */,
			);
			name = Frameworks;
			sourceTree = "<group>";
		};
		E4DC61AABEA7F4971CD6F083 /* Pods */ = {
			isa = PBXGroup;
			children = (
				13F1DC307862B94BB346EAA9 /* Pods-Covid19_Stat.debug.xcconfig */,
				62591631C0626BF11CCDCE10 /* Pods-Covid19_Stat.release.xcconfig */,
			);
			name = Pods;
			path = Pods;
			sourceTree = "<group>";
		};
/* End PBXGroup section */

/* Begin PBXNativeTarget section */
		637052F02466300B00A072D2 /* Covid19_Stat */ = {
			isa = PBXNativeTarget;
			buildConfigurationList = 637053082466300E00A072D2 /* Build configuration list for PBXNativeTarget "Covid19_Stat" */;
			buildPhases = (
				BBD7F6FE73B420167C721ED7 /* [CP] Check Pods Manifest.lock */,
				637052ED2466300B00A072D2 /* Sources */,
				637052EE2466300B00A072D2 /* Frameworks */,
				637052EF2466300B00A072D2 /* Resources */,
				9994F942E5A324CD92742DA7 /* [CP] Embed Pods Frameworks */,
			);
			buildRules = (
			);
			dependencies = (
			);
			name = Covid19_Stat;
			productName = Covid19_Stat;
			productReference = 637052F12466300B00A072D2 /* Covid19_Stat.app */;
			productType = "com.apple.product-type.application";
		};
/* End PBXNativeTarget section */

/* Begin PBXProject section */
		637052E92466300B00A072D2 /* Project object */ = {
			isa = PBXProject;
			attributes = {
				LastSwiftUpdateCheck = 1140;
				LastUpgradeCheck = 1140;
				ORGANIZATIONNAME = "S. M. Hasibur Rahman";
				TargetAttributes = {
					637052F02466300B00A072D2 = {
						CreatedOnToolsVersion = 11.4.1;
					};
				};
			};
			buildConfigurationList = 637052EC2466300B00A072D2 /* Build configuration list for PBXProject "Covid19_Stat" */;
			compatibilityVersion = "Xcode 9.3";
			developmentRegion = en;
			hasScannedForEncodings = 0;
			knownRegions = (
				en,
				Base,
			);
			mainGroup = 637052E82466300B00A072D2;
			productRefGroup = 637052F22466300B00A072D2 /* Products */;
			projectDirPath = "";
			projectRoot = "";
			targets = (
				637052F02466300B00A072D2 /* Covid19_Stat */,
			);
		};
/* End PBXProject section */

/* Begin PBXResourcesBuildPhase section */
		637052EF2466300B00A072D2 /* Resources */ = {
			isa = PBXResourcesBuildPhase;
			buildActionMask = 2147483647;
			files = (
				637053042466300E00A072D2 /* LaunchScreen.storyboard in Resources */,
				637053012466300E00A072D2 /* Preview Assets.xcassets in Resources */,
				637052FE2466300E00A072D2 /* Assets.xcassets in Resources */,
			);
			runOnlyForDeploymentPostprocessing = 0;
		};
/* End PBXResourcesBuildPhase section */

/* Begin PBXShellScriptBuildPhase section */
		9994F942E5A324CD92742DA7 /* [CP] Embed Pods Frameworks */ = {
			isa = PBXShellScriptBuildPhase;
			buildActionMask = 2147483647;
			files = (
			);
			inputFileListPaths = (
				"${PODS_ROOT}/Target Support Files/Pods-Covid19_Stat/Pods-Covid19_Stat-frameworks-${CONFIGURATION}-input-files.xcfilelist",
			);
			name = "[CP] Embed Pods Frameworks";
			outputFileListPaths = (
				"${PODS_ROOT}/Target Support Files/Pods-Covid19_Stat/Pods-Covid19_Stat-frameworks-${CONFIGURATION}-output-files.xcfilelist",
			);
			runOnlyForDeploymentPostprocessing = 0;
			shellPath = /bin/sh;
			shellScript = "\"${PODS_ROOT}/Target Support Files/Pods-Covid19_Stat/Pods-Covid19_Stat-frameworks.sh\"\n";
			showEnvVarsInLog = 0;
		};
		BBD7F6FE73B420167C721ED7 /* [CP] Check Pods Manifest.lock */ = {
			isa = PBXShellScriptBuildPhase;
			buildActionMask = 2147483647;
			files = (
			);
			inputFileListPaths = (
			);
			inputPaths = (
				"${PODS_PODFILE_DIR_PATH}/Podfile.lock",
				"${PODS_ROOT}/Manifest.lock",
			);
			name = "[CP] Check Pods Manifest.lock";
			outputFileListPaths = (
			);
			outputPaths = (
				"$(DERIVED_FILE_DIR)/Pods-Covid19_Stat-checkManifestLockResult.txt",
			);
			runOnlyForDeploymentPostprocessing = 0;
			shellPath = /bin/sh;
			shellScript = "diff \"${PODS_PODFILE_DIR_PATH}/Podfile.lock\" \"${PODS_ROOT}/Manifest.lock\" > /dev/null\nif [ $? != 0 ] ; then\n    # print error to STDERR\n    echo \"error: The sandbox is not in sync with the Podfile.lock. Run 'pod install' or update your CocoaPods installation.\" >&2\n    exit 1\nfi\n# This output is used by Xcode 'outputs' to avoid re-running this script phase.\necho \"SUCCESS\" > \"${SCRIPT_OUTPUT_FILE_0}\"\n";
			showEnvVarsInLog = 0;
		};
/* End PBXShellScriptBuildPhase section */

/* Begin PBXSourcesBuildPhase section */
		637052ED2466300B00A072D2 /* Sources */ = {
			isa = PBXSourcesBuildPhase;
			buildActionMask = 2147483647;
			files = (
				637052F52466300B00A072D2 /* AppDelegate.swift in Sources */,
				637052F72466300B00A072D2 /* SceneDelegate.swift in Sources */,
				637052FC2466300B00A072D2 /* ContentView.swift in Sources */,
				637052FA2466300B00A072D2 /* Covid19_Stat.xcdatamodeld in Sources */,
			);
			runOnlyForDeploymentPostprocessing = 0;
		};
/* End PBXSourcesBuildPhase section */

/* Begin PBXVariantGroup section */
		637053022466300E00A072D2 /* LaunchScreen.storyboard */ = {
			isa = PBXVariantGroup;
			children = (
				637053032466300E00A072D2 /* Base */,
			);
			name = LaunchScreen.storyboard;
			sourceTree = "<group>";
		};
/* End PBXVariantGroup section */

/* Begin XCBuildConfiguration section */
		637053062466300E00A072D2 /* Debug */ = {
			isa = XCBuildConfiguration;
			buildSettings = {
				ALWAYS_SEARCH_USER_PATHS = NO;
				CLANG_ANALYZER_NONNULL = YES;
				CLANG_ANALYZER_NUMBER_OBJECT_CONVERSION = YES_AGGRESSIVE;
				CLANG_CXX_LANGUAGE_STANDARD = "gnu++14";
				CLANG_CXX_LIBRARY = "libc++";
				CLANG_ENABLE_MODULES = YES;
				CLANG_ENABLE_OBJC_ARC = YES;
				CLANG_ENABLE_OBJC_WEAK = YES;
				CLANG_WARN_BLOCK_CAPTURE_AUTORELEASING = YES;
				CLANG_WARN_BOOL_CONVERSION = YES;
				CLANG_WARN_COMMA = YES;
				CLANG_WARN_CONSTANT_CONVERSION = YES;
				CLANG_WARN_DEPRECATED_OBJC_IMPLEMENTATIONS = YES;
				CLANG_WARN_DIRECT_OBJC_ISA_USAGE = YES_ERROR;
				CLANG_WARN_DOCUMENTATION_COMMENTS = YES;
				CLANG_WARN_EMPTY_BODY = YES;
				CLANG_WARN_ENUM_CONVERSION = YES;
				CLANG_WARN_INFINITE_RECURSION = YES;
				CLANG_WARN_INT_CONVERSION = YES;
				CLANG_WARN_NON_LITERAL_NULL_CONVERSION = YES;
				CLANG_WARN_OBJC_IMPLICIT_RETAIN_SELF = YES;
				CLANG_WARN_OBJC_LITERAL_CONVERSION = YES;
				CLANG_WARN_OBJC_ROOT_CLASS = YES_ERROR;
				CLANG_WARN_RANGE_LOOP_ANALYSIS = YES;
				CLANG_WARN_STRICT_PROTOTYPES = YES;
				CLANG_WARN_SUSPICIOUS_MOVE = YES;
				CLANG_WARN_UNGUARDED_AVAILABILITY = YES_AGGRESSIVE;
				CLANG_WARN_UNREACHABLE_CODE = YES;
				CLANG_WARN__DUPLICATE_METHOD_MATCH = YES;
				COPY_PHASE_STRIP = NO;
				DEBUG_INFORMATION_FORMAT = dwarf;
				ENABLE_STRICT_OBJC_MSGSEND = YES;
				ENABLE_TESTABILITY = YES;
				GCC_C_LANGUAGE_STANDARD = gnu11;
				GCC_DYNAMIC_NO_PIC = NO;
				GCC_NO_COMMON_BLOCKS = YES;
				GCC_OPTIMIZATION_LEVEL = 0;
				GCC_PREPROCESSOR_DEFINITIONS = (
					"DEBUG=1",
					"$(inherited)",
				);
				GCC_WARN_64_TO_32_BIT_CONVERSION = YES;
				GCC_WARN_ABOUT_RETURN_TYPE = YES_ERROR;
				GCC_WARN_UNDECLARED_SELECTOR = YES;
				GCC_WARN_UNINITIALIZED_AUTOS = YES_AGGRESSIVE;
				GCC_WARN_UNUSED_FUNCTION = YES;
				GCC_WARN_UNUSED_VARIABLE = YES;
				IPHONEOS_DEPLOYMENT_TARGET = 13.4;
				MTL_ENABLE_DEBUG_INFO = INCLUDE_SOURCE;
				MTL_FAST_MATH = YES;
				ONLY_ACTIVE_ARCH = YES;
				SDKROOT = iphoneos;
				SWIFT_ACTIVE_COMPILATION_CONDITIONS = DEBUG;
				SWIFT_OPTIMIZATION_LEVEL = "-Onone";
			};
			name = Debug;
		};
		637053072466300E00A072D2 /* Release */ = {
			isa = XCBuildConfiguration;
			buildSettings = {
				ALWAYS_SEARCH_USER_PATHS = NO;
				CLANG_ANALYZER_NONNULL = YES;
				CLANG_ANALYZER_NUMBER_OBJECT_CONVERSION = YES_AGGRESSIVE;
				CLANG_CXX_LANGUAGE_STANDARD = "gnu++14";
				CLANG_CXX_LIBRARY = "libc++";
				CLANG_ENABLE_MODULES = YES;
				CLANG_ENABLE_OBJC_ARC = YES;
				CLANG_ENABLE_OBJC_WEAK = YES;
				CLANG_WARN_BLOCK_CAPTURE_AUTORELEASING = YES;
				CLANG_WARN_BOOL_CONVERSION = YES;
				CLANG_WARN_COMMA = YES;
				CLANG_WARN_CONSTANT_CONVERSION = YES;
				CLANG_WARN_DEPRECATED_OBJC_IMPLEMENTATIONS = YES;
				CLANG_WARN_DIRECT_OBJC_ISA_USAGE = YES_ERROR;
				CLANG_WARN_DOCUMENTATION_COMMENTS = YES;
				CLANG_WARN_EMPTY_BODY = YES;
				CLANG_WARN_ENUM_CONVERSION = YES;
				CLANG_WARN_INFINITE_RECURSION = YES;
				CLANG_WARN_INT_CONVERSION = YES;
				CLANG_WARN_NON_LITERAL_NULL_CONVERSION = YES;
				CLANG_WARN_OBJC_IMPLICIT_RETAIN_SELF = YES;
				CLANG_WARN_OBJC_LITERAL_CONVERSION = YES;
				CLANG_WARN_OBJC_ROOT_CLASS = YES_ERROR;
				CLANG_WARN_RANGE_LOOP_ANALYSIS = YES;
				CLANG_WARN_STRICT_PROTOTYPES = YES;
				CLANG_WARN_SUSPICIOUS_MOVE = YES;
				CLANG_WARN_UNGUARDED_AVAILABILITY = YES_AGGRESSIVE;
				CLANG_WARN_UNREACHABLE_CODE = YES;
				CLANG_WARN__DUPLICATE_METHOD_MATCH = YES;
				COPY_PHASE_STRIP = NO;
				DEBUG_INFORMATION_FORMAT = "dwarf-with-dsym";
				ENABLE_NS_ASSERTIONS = NO;
				ENABLE_STRICT_OBJC_MSGSEND = YES;
				GCC_C_LANGUAGE_STANDARD = gnu11;
				GCC_NO_COMMON_BLOCKS = YES;
				GCC_WARN_64_TO_32_BIT_CONVERSION = YES;
				GCC_WARN_ABOUT_RETURN_TYPE = YES_ERROR;
				GCC_WARN_UNDECLARED_SELECTOR = YES;
				GCC_WARN_UNINITIALIZED_AUTOS = YES_AGGRESSIVE;
				GCC_WARN_UNUSED_FUNCTION = YES;
				GCC_WARN_UNUSED_VARIABLE = YES;
				IPHONEOS_DEPLOYMENT_TARGET = 13.4;
				MTL_ENABLE_DEBUG_INFO = NO;
				MTL_FAST_MATH = YES;
				SDKROOT = iphoneos;
				SWIFT_COMPILATION_MODE = wholemodule;
				SWIFT_OPTIMIZATION_LEVEL = "-O";
				VALIDATE_PRODUCT = YES;
			};
			name = Release;
		};
		637053092466300E00A072D2 /* Debug */ = {
			isa = XCBuildConfiguration;
			baseConfigurationReference = 13F1DC307862B94BB346EAA9 /* Pods-Covid19_Stat.debug.xcconfig */;
			buildSettings = {
				ASSETCATALOG_COMPILER_APPICON_NAME = AppIcon;
				CODE_SIGN_STYLE = Automatic;
				DEVELOPMENT_ASSET_PATHS = "\"Covid19_Stat/Preview Content\"";
				DEVELOPMENT_TEAM = 4AR488G66N;
				ENABLE_PREVIEWS = YES;
				INFOPLIST_FILE = Covid19_Stat/Info.plist;
				LD_RUNPATH_SEARCH_PATHS = (
					"$(inherited)",
					"@executable_path/Frameworks",
				);
				PRODUCT_BUNDLE_IDENTIFIER = "MyOrg.Covid19-Stat";
				PRODUCT_NAME = "$(TARGET_NAME)";
				SWIFT_VERSION = 5.0;
				TARGETED_DEVICE_FAMILY = "1,2";
			};
			name = Debug;
		};
		6370530A2466300E00A072D2 /* Release */ = {
			isa = XCBuildConfiguration;
			baseConfigurationReference = 62591631C0626BF11CCDCE10 /* Pods-Covid19_Stat.release.xcconfig */;
			buildSettings = {
				ASSETCATALOG_COMPILER_APPICON_NAME = AppIcon;
				CODE_SIGN_STYLE = Automatic;
				DEVELOPMENT_ASSET_PATHS = "\"Covid19_Stat/Preview Content\"";
				DEVELOPMENT_TEAM = 4AR488G66N;
				ENABLE_PREVIEWS = YES;
				INFOPLIST_FILE = Covid19_Stat/Info.plist;
				LD_RUNPATH_SEARCH_PATHS = (
					"$(inherited)",
					"@executable_path/Frameworks",
				);
				PRODUCT_BUNDLE_IDENTIFIER = "MyOrg.Covid19-Stat";
				PRODUCT_NAME = "$(TARGET_NAME)";
				SWIFT_VERSION = 5.0;
				TARGETED_DEVICE_FAMILY = "1,2";
			};
			name = Release;
		};
/* End XCBuildConfiguration section */

/* Begin XCConfigurationList section */
		637052EC2466300B00A072D2 /* Build configuration list for PBXProject "Covid19_Stat" */ = {
			isa = XCConfigurationList;
			buildConfigurations = (
				637053062466300E00A072D2 /* Debug */,
				637053072466300E00A072D2 /* Release */,
			);
			defaultConfigurationIsVisible = 0;
			defaultConfigurationName = Release;
		};
		637053082466300E00A072D2 /* Build configuration list for PBXNativeTarget "Covid19_Stat" */ = {
			isa = XCConfigurationList;
			buildConfigurations = (
				637053092466300E00A072D2 /* Debug */,
				6370530A2466300E00A072D2 /* Release */,
			);
			defaultConfigurationIsVisible = 0;
			defaultConfigurationName = Release;
		};
/* End XCConfigurationList section */

/* Begin XCVersionGroup section */
		637052F82466300B00A072D2 /* Covid19_Stat.xcdatamodeld */ = {
			isa = XCVersionGroup;
			children = (
				637052F92466300B00A072D2 /* Covid19_Stat.xcdatamodel */,
			);
			currentVersion = 637052F92466300B00A072D2 /* Covid19_Stat.xcdatamodel */;
			path = Covid19_Stat.xcdatamodeld;
			sourceTree = "<group>";
			versionGroupType = wrapper.xcdatamodel;
		};
/* End XCVersionGroup section */
	};
	rootObject = 637052E92466300B00A072D2 /* Project object */;
}
